
Microsoft Visual Studio Solution File, Format Version 12.00
# Visual Studio 15
VisualStudioVersion = 15.0.28307.168
MinimumVisualStudioVersion = 10.0.40219.1
Project("{FAE04EC0-301F-11D3-BF4B-00C04F79EFBC}") = "ArchivosZip", "ArchivosZip\ArchivosZip.csproj", "{59D91CE5-766A-4E24-83C7-5632F1D56258}"
EndProject
Global
	GlobalSection(SolutionConfigurationPlatforms) = preSolution
		Debug|Any CPU = Debug|Any CPU
		Release|Any CPU = Release|Any CPU
	EndGlobalSection
	GlobalSection(ProjectConfigurationPlatforms) = postSolution
		{59D91CE5-766A-4E24-83C7-5632F1D56258}.Debug|Any CPU.ActiveCfg = Debug|Any CPU
		{59D91CE5-766A-4E24-83C7-5632F1D56258}.Debug|Any CPU.Build.0 = Debug|Any CPU
		{59D91CE5-766A-4E24-83C7-5632F1D56258}.Release|Any CPU.ActiveCfg = Release|Any CPU
		{59D91CE5-766A-4E24-83C7-5632F1D56258}.Release|Any CPU.Build.0 = Release|Any CPU
	EndGlobalSection
	GlobalSection(SolutionProperties) = preSolution
		HideSolutionNode = FALSE
	EndGlobalSection
	GlobalSection(ExtensibilityGlobals) = postSolution
		SolutionGuid = {F9FF001B-CB22-4C6B-89A6-65831D75AB52}
	EndGlobalSection
EndGlobal
